// !$*UTF8*$!
{
	archiveVersion = 1;
	classes = {
	};
	objectVersion = 50;
	objects = {

/* Begin PBXBuildFile section */
		BEACD07E23CC7422001FC6D3 /* AppDelegate.swift in Sources */ = {isa = PBXBuildFile; fileRef = BEACD07D23CC7422001FC6D3 /* AppDelegate.swift */; };
		BEACD08023CC7423001FC6D3 /* SceneDelegate.swift in Sources */ = {isa = PBXBuildFile; fileRef = BEACD07F23CC7423001FC6D3 /* SceneDelegate.swift */; };
		BEACD08223CC7423001FC6D3 /* ViewController.swift in Sources */ = {isa = PBXBuildFile; fileRef = BEACD08123CC7423001FC6D3 /* ViewController.swift */; };
		BEACD08523CC7423001FC6D3 /* Main.storyboard in Resources */ = {isa = PBXBuildFile; fileRef = BEACD08323CC7423001FC6D3 /* Main.storyboard */; };
		BEACD08823CC7423001FC6D3 /* iOSCanvas.xcdatamodeld in Sources */ = {isa = PBXBuildFile; fileRef = BEACD08623CC7423001FC6D3 /* iOSCanvas.xcdatamodeld */; };
		BEACD08A23CC7426001FC6D3 /* Assets.xcassets in Resources */ = {isa = PBXBuildFile; fileRef = BEACD08923CC7426001FC6D3 /* Assets.xcassets */; };
		BEACD08D23CC7426001FC6D3 /* LaunchScreen.storyboard in Resources */ = {isa = PBXBuildFile; fileRef = BEACD08B23CC7426001FC6D3 /* LaunchScreen.storyboard */; };
/* End PBXBuildFile section */

/* Begin PBXFileReference section */
		BEACD07A23CC7422001FC6D3 /* iOSCanvas.app */ = {isa = PBXFileReference; explicitFileType = wrapper.application; includeInIndex = 0; path = iOSCanvas.app; sourceTree = BUILT_PRODUCTS_DIR; };
		BEACD07D23CC7422001FC6D3 /* AppDelegate.swift */ = {isa = PBXFileReference; lastKnownFileType = sourcecode.swift; path = AppDelegate.swift; sourceTree = "<group>"; };
		BEACD07F23CC7423001FC6D3 /* SceneDelegate.swift */ = {isa = PBXFileReference; lastKnownFileType = sourcecode.swift; path = SceneDelegate.swift; sourceTree = "<group>"; };
		BEACD08123CC7423001FC6D3 /* ViewController.swift */ = {isa = PBXFileReference; lastKnownFileType = sourcecode.swift; path = ViewController.swift; sourceTree = "<group>"; };
		BEACD08423CC7423001FC6D3 /* Base */ = {isa = PBXFileReference; lastKnownFileType = file.storyboard; name = Base; path = Base.lproj/Main.storyboard; sourceTree = "<group>"; };
		BEACD08723CC7423001FC6D3 /* iOSCanvas.xcdatamodel */ = {isa = PBXFileReference; lastKnownFileType = wrapper.xcdatamodel; path = iOSCanvas.xcdatamodel; sourceTree = "<group>"; };
		BEACD08923CC7426001FC6D3 /* Assets.xcassets */ = {isa = PBXFileReference; lastKnownFileType = folder.assetcatalog; path = Assets.xcassets; sourceTree = "<group>"; };
		BEACD08C23CC7426001FC6D3 /* Base */ = {isa = PBXFileReference; lastKnownFileType = file.storyboard; name = Base; path = Base.lproj/LaunchScreen.storyboard; sourceTree = "<group>"; };
		BEACD08E23CC7426001FC6D3 /* Info.plist */ = {isa = PBXFileReference; lastKnownFileType = text.plist.xml; path = Info.plist; sourceTree = "<group>"; };
/* End PBXFileReference section */

/* Begin PBXFrameworksBuildPhase section */
		BEACD07723CC7422001FC6D3 /* Frameworks */ = {
			isa = PBXFrameworksBuildPhase;
			buildActionMask = 2147483647;
			files = (
			);
			runOnlyForDeploymentPostprocessing = 0;
		};
/* End PBXFrameworksBuildPhase section */

/* Begin PBXGroup section */
		BEACD07123CC7422001FC6D3 = {
			isa = PBXGroup;
			children = (
				BEACD07C23CC7422001FC6D3 /* iOSCanvas */,
				BEACD07B23CC7422001FC6D3 /* Products */,
			);
			sourceTree = "<group>";
		};
		BEACD07B23CC7422001FC6D3 /* Products */ = {
			isa = PBXGroup;
			children = (
				BEACD07A23CC7422001FC6D3 /* iOSCanvas.app */,
			);
			name = Products;
			sourceTree = "<group>";
		};
		BEACD07C23CC7422001FC6D3 /* iOSCanvas */ = {
			isa = PBXGroup;
			children = (
				BEACD07D23CC7422001FC6D3 /* AppDelegate.swift */,
				BEACD07F23CC7423001FC6D3 /* SceneDelegate.swift */,
				BEACD08123CC7423001FC6D3 /* ViewController.swift */,
				BEACD08323CC7423001FC6D3 /* Main.storyboard */,
				BEACD08923CC7426001FC6D3 /* Assets.xcassets */,
				BEACD08B23CC7426001FC6D3 /* LaunchScreen.storyboard */,
				BEACD08E23CC7426001FC6D3 /* Info.plist */,
				BEACD08623CC7423001FC6D3 /* iOSCanvas.xcdatamodeld */,
			);
			path = iOSCanvas;
			sourceTree = "<group>";
		};
/* End PBXGroup section */

/* Begin PBXNativeTarget section */
		BEACD07923CC7422001FC6D3 /* iOSCanvas */ = {
			isa = PBXNativeTarget;
			buildConfigurationList = BEACD09123CC7426001FC6D3 /* Build configuration list for PBXNativeTarget "iOSCanvas" */;
			buildPhases = (
				BEACD07623CC7422001FC6D3 /* Sources */,
				BEACD07723CC7422001FC6D3 /* Frameworks */,
				BEACD07823CC7422001FC6D3 /* Resources */,
			);
			buildRules = (
			);
			dependencies = (
			);
			name = iOSCanvas;
			productName = iOSCanvas;
			productReference = BEACD07A23CC7422001FC6D3 /* iOSCanvas.app */;
			productType = "com.apple.product-type.application";
		};
/* End PBXNativeTarget section */

/* Begin PBXProject section */
		BEACD07223CC7422001FC6D3 /* Project object */ = {
			isa = PBXProject;
			attributes = {
				LastSwiftUpdateCheck = 1130;
				LastUpgradeCheck = 1130;
				ORGANIZATIONNAME = "Manuel Carvalho";
				TargetAttributes = {
					BEACD07923CC7422001FC6D3 = {
						CreatedOnToolsVersion = 11.3;
					};
				};
			};
			buildConfigurationList = BEACD07523CC7422001FC6D3 /* Build configuration list for PBXProject "iOSCanvas" */;
			compatibilityVersion = "Xcode 9.3";
			developmentRegion = en;
			hasScannedForEncodings = 0;
			knownRegions = (
				en,
				Base,
			);
			mainGroup = BEACD07123CC7422001FC6D3;
			productRefGroup = BEACD07B23CC7422001FC6D3 /* Products */;
			projectDirPath = "";
			projectRoot = "";
			targets = (
				BEACD07923CC7422001FC6D3 /* iOSCanvas */,
			);
		};
/* End PBXProject section */

/* Begin PBXResourcesBuildPhase section */
		BEACD07823CC7422001FC6D3 /* Resources */ = {
			isa = PBXResourcesBuildPhase;
			buildActionMask = 2147483647;
			files = (
				BEACD08D23CC7426001FC6D3 /* LaunchScreen.storyboard in Resources */,
				BEACD08A23CC7426001FC6D3 /* Assets.xcassets in Resources */,
				BEACD08523CC7423001FC6D3 /* Main.storyboard in Resources */,
			);
			runOnlyForDeploymentPostprocessing = 0;
		};
/* End PBXResourcesBuildPhase section */

/* Begin PBXSourcesBuildPhase section */
		BEACD07623CC7422001FC6D3 /* Sources */ = {
			isa = PBXSourcesBuildPhase;
			buildActionMask = 2147483647;
			files = (
				BEACD08223CC7423001FC6D3 /* ViewController.swift in Sources */,
				BEACD08823CC7423001FC6D3 /* iOSCanvas.xcdatamodeld in Sources */,
				BEACD07E23CC7422001FC6D3 /* AppDelegate.swift in Sources */,
				BEACD08023CC7423001FC6D3 /* SceneDelegate.swift in Sources */,
			);
			runOnlyForDeploymentPostprocessing = 0;
		};
/* End PBXSourcesBuildPhase section */

/* Begin PBXVariantGroup section */
		BEACD08323CC7423001FC6D3 /* Main.storyboard */ = {
			isa = PBXVariantGroup;
			children = (
				BEACD08423CC7423001FC6D3 /* Base */,
			);
			name = Main.storyboard;
			sourceTree = "<group>";
		};
		BEACD08B23CC7426001FC6D3 /* LaunchScreen.storyboard */ = {
			isa = PBXVariantGroup;
			children = (
				BEACD08C23CC7426001FC6D3 /* Base */,
			);
			name = LaunchScreen.storyboard;
			sourceTree = "<group>";
		};
/* End PBXVariantGroup section */

/* Begin XCBuildConfiguration section */
		BEACD08F23CC7426001FC6D3 /* Debug */ = {
			isa = XCBuildConfiguration;
			buildSettings = {
				ALWAYS_SEARCH_USER_PATHS = NO;
				CLANG_ANALYZER_NONNULL = YES;
				CLANG_ANALYZER_NUMBER_OBJECT_CONVERSION = YES_AGGRESSIVE;
				CLANG_CXX_LANGUAGE_STANDARD = "gnu++14";
				CLANG_CXX_LIBRARY = "libc++";
				CLANG_ENABLE_MODULES = YES;
				CLANG_ENABLE_OBJC_ARC = YES;
				CLANG_ENABLE_OBJC_WEAK = YES;
				CLANG_WARN_BLOCK_CAPTURE_AUTORELEASING = YES;
				CLANG_WARN_BOOL_CONVERSION = YES;
				CLANG_WARN_COMMA = YES;
				CLANG_WARN_CONSTANT_CONVERSION = YES;
				CLANG_WARN_DEPRECATED_OBJC_IMPLEMENTATIONS = YES;
				CLANG_WARN_DIRECT_OBJC_ISA_USAGE = YES_ERROR;
				CLANG_WARN_DOCUMENTATION_COMMENTS = YES;
				CLANG_WARN_EMPTY_BODY = YES;
				CLANG_WARN_ENUM_CONVERSION = YES;
				CLANG_WARN_INFINITE_RECURSION = YES;
				CLANG_WARN_INT_CONVERSION = YES;
				CLANG_WARN_NON_LITERAL_NULL_CONVERSION = YES;
				CLANG_WARN_OBJC_IMPLICIT_RETAIN_SELF = YES;
				CLANG_WARN_OBJC_LITERAL_CONVERSION = YES;
				CLANG_WARN_OBJC_ROOT_CLASS = YES_ERROR;
				CLANG_WARN_RANGE_LOOP_ANALYSIS = YES;
				CLANG_WARN_STRICT_PROTOTYPES = YES;
				CLANG_WARN_SUSPICIOUS_MOVE = YES;
				CLANG_WARN_UNGUARDED_AVAILABILITY = YES_AGGRESSIVE;
				CLANG_WARN_UNREACHABLE_CODE = YES;
				CLANG_WARN__DUPLICATE_METHOD_MATCH = YES;
				COPY_PHASE_STRIP = NO;
				DEBUG_INFORMATION_FORMAT = dwarf;
				ENABLE_STRICT_OBJC_MSGSEND = YES;
				ENABLE_TESTABILITY = YES;
				GCC_C_LANGUAGE_STANDARD = gnu11;
				GCC_DYNAMIC_NO_PIC = NO;
				GCC_NO_COMMON_BLOCKS = YES;
				GCC_OPTIMIZATION_LEVEL = 0;
				GCC_PREPROCESSOR_DEFINITIONS = (
					"DEBUG=1",
					"$(inherited)",
				);
				GCC_WARN_64_TO_32_BIT_CONVERSION = YES;
				GCC_WARN_ABOUT_RETURN_TYPE = YES_ERROR;
				GCC_WARN_UNDECLARED_SELECTOR = YES;
				GCC_WARN_UNINITIALIZED_AUTOS = YES_AGGRESSIVE;
				GCC_WARN_UNUSED_FUNCTION = YES;
				GCC_WARN_UNUSED_VARIABLE = YES;
				IPHONEOS_DEPLOYMENT_TARGET = 13.2;
				MTL_ENABLE_DEBUG_INFO = INCLUDE_SOURCE;
				MTL_FAST_MATH = YES;
				ONLY_ACTIVE_ARCH = YES;
				SDKROOT = iphoneos;
				SWIFT_ACTIVE_COMPILATION_CONDITIONS = DEBUG;
				SWIFT_OPTIMIZATION_LEVEL = "-Onone";
			};
			name = Debug;
		};
		BEACD09023CC7426001FC6D3 /* Release */ = {
			isa = XCBuildConfiguration;
			buildSettings = {
				ALWAYS_SEARCH_USER_PATHS = NO;
				CLANG_ANALYZER_NONNULL = YES;
				CLANG_ANALYZER_NUMBER_OBJECT_CONVERSION = YES_AGGRESSIVE;
				CLANG_CXX_LANGUAGE_STANDARD = "gnu++14";
				CLANG_CXX_LIBRARY = "libc++";
				CLANG_ENABLE_MODULES = YES;
				CLANG_ENABLE_OBJC_ARC = YES;
				CLANG_ENABLE_OBJC_WEAK = YES;
				CLANG_WARN_BLOCK_CAPTURE_AUTORELEASING = YES;
				CLANG_WARN_BOOL_CONVERSION = YES;
				CLANG_WARN_COMMA = YES;
				CLANG_WARN_CONSTANT_CONVERSION = YES;
				CLANG_WARN_DEPRECATED_OBJC_IMPLEMENTATIONS = YES;
				CLANG_WARN_DIRECT_OBJC_ISA_USAGE = YES_ERROR;
				CLANG_WARN_DOCUMENTATION_COMMENTS = YES;
				CLANG_WARN_EMPTY_BODY = YES;
				CLANG_WARN_ENUM_CONVERSION = YES;
				CLANG_WARN_INFINITE_RECURSION = YES;
				CLANG_WARN_INT_CONVERSION = YES;
				CLANG_WARN_NON_LITERAL_NULL_CONVERSION = YES;
				CLANG_WARN_OBJC_IMPLICIT_RETAIN_SELF = YES;
				CLANG_WARN_OBJC_LITERAL_CONVERSION = YES;
				CLANG_WARN_OBJC_ROOT_CLASS = YES_ERROR;
				CLANG_WARN_RANGE_LOOP_ANALYSIS = YES;
				CLANG_WARN_STRICT_PROTOTYPES = YES;
				CLANG_WARN_SUSPICIOUS_MOVE = YES;
				CLANG_WARN_UNGUARDED_AVAILABILITY = YES_AGGRESSIVE;
				CLANG_WARN_UNREACHABLE_CODE = YES;
				CLANG_WARN__DUPLICATE_METHOD_MATCH = YES;
				COPY_PHASE_STRIP = NO;
				DEBUG_INFORMATION_FORMAT = "dwarf-with-dsym";
				ENABLE_NS_ASSERTIONS = NO;
				ENABLE_STRICT_OBJC_MSGSEND = YES;
				GCC_C_LANGUAGE_STANDARD = gnu11;
				GCC_NO_COMMON_BLOCKS = YES;
				GCC_WARN_64_TO_32_BIT_CONVERSION = YES;
				GCC_WARN_ABOUT_RETURN_TYPE = YES_ERROR;
				GCC_WARN_UNDECLARED_SELECTOR = YES;
				GCC_WARN_UNINITIALIZED_AUTOS = YES_AGGRESSIVE;
				GCC_WARN_UNUSED_FUNCTION = YES;
				GCC_WARN_UNUSED_VARIABLE = YES;
				IPHONEOS_DEPLOYMENT_TARGET = 13.2;
				MTL_ENABLE_DEBUG_INFO = NO;
				MTL_FAST_MATH = YES;
				SDKROOT = iphoneos;
				SWIFT_COMPILATION_MODE = wholemodule;
				SWIFT_OPTIMIZATION_LEVEL = "-O";
				VALIDATE_PRODUCT = YES;
			};
			name = Release;
		};
		BEACD09223CC7426001FC6D3 /* Debug */ = {
			isa = XCBuildConfiguration;
			buildSettings = {
				ASSETCATALOG_COMPILER_APPICON_NAME = AppIcon;
				CODE_SIGN_STYLE = Automatic;
				DEVELOPMENT_TEAM = UHTKY94VRM;
				INFOPLIST_FILE = iOSCanvas/Info.plist;
				LD_RUNPATH_SEARCH_PATHS = (
					"$(inherited)",
					"@executable_path/Frameworks",
				);
				PRODUCT_BUNDLE_IDENTIFIER = CasaAzul.iOSCanvas;
				PRODUCT_NAME = "$(TARGET_NAME)";
				SWIFT_VERSION = 5.0;
				TARGETED_DEVICE_FAMILY = "1,2";
			};
			name = Debug;
		};
		BEACD09323CC7426001FC6D3 /* Release */ = {
			isa = XCBuildConfiguration;
			buildSettings = {
				ASSETCATALOG_COMPILER_APPICON_NAME = AppIcon;
				CODE_SIGN_STYLE = Automatic;
				DEVELOPMENT_TEAM = UHTKY94VRM;
				INFOPLIST_FILE = iOSCanvas/Info.plist;
				LD_RUNPATH_SEARCH_PATHS = (
					"$(inherited)",
					"@executable_path/Frameworks",
				);
				PRODUCT_BUNDLE_IDENTIFIER = CasaAzul.iOSCanvas;
				PRODUCT_NAME = "$(TARGET_NAME)";
				SWIFT_VERSION = 5.0;
				TARGETED_DEVICE_FAMILY = "1,2";
			};
			name = Release;
		};
/* End XCBuildConfiguration section */

/* Begin XCConfigurationList section */
		BEACD07523CC7422001FC6D3 /* Build configuration list for PBXProject "iOSCanvas" */ = {
			isa = XCConfigurationList;
			buildConfigurations = (
				BEACD08F23CC7426001FC6D3 /* Debug */,
				BEACD09023CC7426001FC6D3 /* Release */,
			);
			defaultConfigurationIsVisible = 0;
			defaultConfigurationName = Release;
		};
		BEACD09123CC7426001FC6D3 /* Build configuration list for PBXNativeTarget "iOSCanvas" */ = {
			isa = XCConfigurationList;
			buildConfigurations = (
				BEACD09223CC7426001FC6D3 /* Debug */,
				BEACD09323CC7426001FC6D3 /* Release */,
			);
			defaultConfigurationIsVisible = 0;
			defaultConfigurationName = Release;
		};
/* End XCConfigurationList section */

/* Begin XCVersionGroup section */
		BEACD08623CC7423001FC6D3 /* iOSCanvas.xcdatamodeld */ = {
			isa = XCVersionGroup;
			children = (
				BEACD08723CC7423001FC6D3 /* iOSCanvas.xcdatamodel */,
			);
			currentVersion = BEACD08723CC7423001FC6D3 /* iOSCanvas.xcdatamodel */;
			path = iOSCanvas.xcdatamodeld;
			sourceTree = "<group>";
			versionGroupType = wrapper.xcdatamodel;
		};
/* End XCVersionGroup section */
	};
	rootObject = BEACD07223CC7422001FC6D3 /* Project object */;
}
